
Microsoft Visual Studio Solution File, Format Version 12.00
# Visual Studio Version 17
VisualStudioVersion = 17.4.33213.308
MinimumVisualStudioVersion = 10.0.40219.1
Project("{9A19103F-16F7-4668-BE54-9A1E7A4F7556}") = "ClasificacionPeliculas", "ClasificacionPeliculas\ClasificacionPeliculas.csproj", "{74C625B1-D1E0-459E-9C3E-9E507F5799D3}"
EndProject
Project("{FAE04EC0-301F-11D3-BF4B-00C04F79EFBC}") = "ClasificacionPeliculasModel", "ClasificacionPeliculasModel\ClasificacionPeliculasModel.csproj", "{4FD971FE-C985-490B-A1A7-5D6DAB7312BF}"
EndProject
Global
	GlobalSection(SolutionConfigurationPlatforms) = preSolution
		Debug|Any CPU = Debug|Any CPU
		Release|Any CPU = Release|Any CPU
	EndGlobalSection
	GlobalSection(ProjectConfigurationPlatforms) = postSolution
		{74C625B1-D1E0-459E-9C3E-9E507F5799D3}.Debug|Any CPU.ActiveCfg = Debug|Any CPU
		{74C625B1-D1E0-459E-9C3E-9E507F5799D3}.Debug|Any CPU.Build.0 = Debug|Any CPU
		{74C625B1-D1E0-459E-9C3E-9E507F5799D3}.Release|Any CPU.ActiveCfg = Release|Any CPU
		{74C625B1-D1E0-459E-9C3E-9E507F5799D3}.Release|Any CPU.Build.0 = Release|Any CPU
		{4FD971FE-C985-490B-A1A7-5D6DAB7312BF}.Debug|Any CPU.ActiveCfg = Debug|Any CPU
		{4FD971FE-C985-490B-A1A7-5D6DAB7312BF}.Debug|Any CPU.Build.0 = Debug|Any CPU
		{4FD971FE-C985-490B-A1A7-5D6DAB7312BF}.Release|Any CPU.ActiveCfg = Release|Any CPU
		{4FD971FE-C985-490B-A1A7-5D6DAB7312BF}.Release|Any CPU.Build.0 = Release|Any CPU
	EndGlobalSection
	GlobalSection(SolutionProperties) = preSolution
		HideSolutionNode = FALSE
	EndGlobalSection
	GlobalSection(ExtensibilityGlobals) = postSolution
		SolutionGuid = {100635A3-600B-4479-960C-14E05F71A7C4}
	EndGlobalSection
EndGlobal
